
Microsoft Visual Studio Solution File, Format Version 12.00
# Visual Studio Version 17
VisualStudioVersion = 17.4.33122.133
MinimumVisualStudioVersion = 10.0.40219.1
Project("{9A19103F-16F7-4668-BE54-9A1E7A4F7556}") = "EventProcessingFunction", "EventProcessingFunction.csproj", "{AB56B706-5128-4D8E-86E3-9C81DD659428}"
EndProject
Project("{2150E333-8FDC-42A3-9474-1A3956D46DE8}") = "Deploy", "Deploy", "{EAF053D4-9F69-4132-AA86-E731D969FB32}"
	ProjectSection(SolutionItems) = preProject
		deploy-main.tf = deploy-main.tf
		deploy-variable.tf = deploy-variable.tf
	EndProjectSection
EndProject
Global
	GlobalSection(SolutionConfigurationPlatforms) = preSolution
		Debug|Any CPU = Debug|Any CPU
		Release|Any CPU = Release|Any CPU
	EndGlobalSection
	GlobalSection(ProjectConfigurationPlatforms) = postSolution
		{AB56B706-5128-4D8E-86E3-9C81DD659428}.Debug|Any CPU.ActiveCfg = Debug|Any CPU
		{AB56B706-5128-4D8E-86E3-9C81DD659428}.Debug|Any CPU.Build.0 = Debug|Any CPU
		{AB56B706-5128-4D8E-86E3-9C81DD659428}.Release|Any CPU.ActiveCfg = Release|Any CPU
		{AB56B706-5128-4D8E-86E3-9C81DD659428}.Release|Any CPU.Build.0 = Release|Any CPU
	EndGlobalSection
	GlobalSection(SolutionProperties) = preSolution
		HideSolutionNode = FALSE
	EndGlobalSection
	GlobalSection(ExtensibilityGlobals) = postSolution
		SolutionGuid = {BF5A12D0-338E-4D1C-9C1B-F79C9DF67366}
	EndGlobalSection
EndGlobal
